
Microsoft Visual Studio Solution File, Format Version 12.00
# Visual Studio Version 16
VisualStudioVersion = 16.0.31005.135
MinimumVisualStudioVersion = 10.0.40219.1
Project("{FAE04EC0-301F-11D3-BF4B-00C04F79EFBC}") = "Task2_1_1", "Task2\Task2_1_1.csproj", "{54E351C4-5D1D-4639-93A2-FE2A03EA6B7A}"
EndProject
Project("{FAE04EC0-301F-11D3-BF4B-00C04F79EFBC}") = "Task2_1_2", "Task2_2\Task2_1_2.csproj", "{C11DAEE5-56E2-4E7C-A753-B9110C6FB199}"
EndProject
Global
	GlobalSection(SolutionConfigurationPlatforms) = preSolution
		Debug|Any CPU = Debug|Any CPU
		Release|Any CPU = Release|Any CPU
	EndGlobalSection
	GlobalSection(ProjectConfigurationPlatforms) = postSolution
		{54E351C4-5D1D-4639-93A2-FE2A03EA6B7A}.Debug|Any CPU.ActiveCfg = Debug|Any CPU
		{54E351C4-5D1D-4639-93A2-FE2A03EA6B7A}.Debug|Any CPU.Build.0 = Debug|Any CPU
		{54E351C4-5D1D-4639-93A2-FE2A03EA6B7A}.Release|Any CPU.ActiveCfg = Release|Any CPU
		{54E351C4-5D1D-4639-93A2-FE2A03EA6B7A}.Release|Any CPU.Build.0 = Release|Any CPU
		{C11DAEE5-56E2-4E7C-A753-B9110C6FB199}.Debug|Any CPU.ActiveCfg = Debug|Any CPU
		{C11DAEE5-56E2-4E7C-A753-B9110C6FB199}.Debug|Any CPU.Build.0 = Debug|Any CPU
		{C11DAEE5-56E2-4E7C-A753-B9110C6FB199}.Release|Any CPU.ActiveCfg = Release|Any CPU
		{C11DAEE5-56E2-4E7C-A753-B9110C6FB199}.Release|Any CPU.Build.0 = Release|Any CPU
	EndGlobalSection
	GlobalSection(SolutionProperties) = preSolution
		HideSolutionNode = FALSE
	EndGlobalSection
	GlobalSection(ExtensibilityGlobals) = postSolution
		SolutionGuid = {A23B3047-2797-421A-B05A-F1F580B83A1D}
	EndGlobalSection
EndGlobal
